// !$*UTF8*$!
{
	archiveVersion = 1;
	classes = {
	};
	objectVersion = 51;
	objects = {

/* Begin PBXBuildFile section */
		156899FA5ED3459D47AAB9D1 /* Pods_RegisterMyTeamTests.framework in Frameworks */ = {isa = PBXBuildFile; fileRef = C6FA6DB88C5183C18EF92738 /* Pods_RegisterMyTeamTests.framework */; };
		1D0843694128B485B4F99592 /* Pods_RegisterMyTeam.framework in Frameworks */ = {isa = PBXBuildFile; fileRef = 77120218D9A56B7F82B4DA90 /* Pods_RegisterMyTeam.framework */; };
		C49B7B8A23BE46F300B5593B /* AppDelegate.swift in Sources */ = {isa = PBXBuildFile; fileRef = C49B7B8923BE46F300B5593B /* AppDelegate.swift */; };
		C49B7B8C23BE46F300B5593B /* SceneDelegate.swift in Sources */ = {isa = PBXBuildFile; fileRef = C49B7B8B23BE46F300B5593B /* SceneDelegate.swift */; };
		C49B7B9123BE46F300B5593B /* Main.storyboard in Resources */ = {isa = PBXBuildFile; fileRef = C49B7B8F23BE46F300B5593B /* Main.storyboard */; };
		C49B7B9323BE46F500B5593B /* Assets.xcassets in Resources */ = {isa = PBXBuildFile; fileRef = C49B7B9223BE46F500B5593B /* Assets.xcassets */; };
		C49B7B9623BE46F500B5593B /* LaunchScreen.storyboard in Resources */ = {isa = PBXBuildFile; fileRef = C49B7B9423BE46F500B5593B /* LaunchScreen.storyboard */; };
		C49B7BA123BE46F500B5593B /* RegisterMyTeamTests.swift in Sources */ = {isa = PBXBuildFile; fileRef = C49B7BA023BE46F500B5593B /* RegisterMyTeamTests.swift */; };
		C49B7BAC23BE47AA00B5593B /* AppearanceHelper.swift in Sources */ = {isa = PBXBuildFile; fileRef = C49B7BAB23BE47AA00B5593B /* AppearanceHelper.swift */; };
		C49B7BAF23BE5C9000B5593B /* SplashViewController.swift in Sources */ = {isa = PBXBuildFile; fileRef = C49B7BAE23BE5C9000B5593B /* SplashViewController.swift */; };
/* End PBXBuildFile section */

/* Begin PBXContainerItemProxy section */
		C49B7B9D23BE46F500B5593B /* PBXContainerItemProxy */ = {
			isa = PBXContainerItemProxy;
			containerPortal = C49B7B7E23BE46F300B5593B /* Project object */;
			proxyType = 1;
			remoteGlobalIDString = C49B7B8523BE46F300B5593B;
			remoteInfo = RegisterMyTeam;
		};
/* End PBXContainerItemProxy section */

/* Begin PBXFileReference section */
		0193B9C62A2049CA7AECD82C /* Pods-RegisterMyTeamTests.debug.xcconfig */ = {isa = PBXFileReference; includeInIndex = 1; lastKnownFileType = text.xcconfig; name = "Pods-RegisterMyTeamTests.debug.xcconfig"; path = "Target Support Files/Pods-RegisterMyTeamTests/Pods-RegisterMyTeamTests.debug.xcconfig"; sourceTree = "<group>"; };
		69F988B35D104911E4B8028C /* Pods-RegisterMyTeam.debug.xcconfig */ = {isa = PBXFileReference; includeInIndex = 1; lastKnownFileType = text.xcconfig; name = "Pods-RegisterMyTeam.debug.xcconfig"; path = "Target Support Files/Pods-RegisterMyTeam/Pods-RegisterMyTeam.debug.xcconfig"; sourceTree = "<group>"; };
		704934A3C928D4ED21AE3B14 /* Pods-RegisterMyTeamTests.release.xcconfig */ = {isa = PBXFileReference; includeInIndex = 1; lastKnownFileType = text.xcconfig; name = "Pods-RegisterMyTeamTests.release.xcconfig"; path = "Target Support Files/Pods-RegisterMyTeamTests/Pods-RegisterMyTeamTests.release.xcconfig"; sourceTree = "<group>"; };
		77120218D9A56B7F82B4DA90 /* Pods_RegisterMyTeam.framework */ = {isa = PBXFileReference; explicitFileType = wrapper.framework; includeInIndex = 0; path = Pods_RegisterMyTeam.framework; sourceTree = BUILT_PRODUCTS_DIR; };
		C49B7B8623BE46F300B5593B /* RegisterMyTeam.app */ = {isa = PBXFileReference; explicitFileType = wrapper.application; includeInIndex = 0; path = RegisterMyTeam.app; sourceTree = BUILT_PRODUCTS_DIR; };
		C49B7B8923BE46F300B5593B /* AppDelegate.swift */ = {isa = PBXFileReference; lastKnownFileType = sourcecode.swift; path = AppDelegate.swift; sourceTree = "<group>"; };
		C49B7B8B23BE46F300B5593B /* SceneDelegate.swift */ = {isa = PBXFileReference; lastKnownFileType = sourcecode.swift; path = SceneDelegate.swift; sourceTree = "<group>"; };
		C49B7B9023BE46F300B5593B /* Base */ = {isa = PBXFileReference; lastKnownFileType = file.storyboard; name = Base; path = Base.lproj/Main.storyboard; sourceTree = "<group>"; };
		C49B7B9223BE46F500B5593B /* Assets.xcassets */ = {isa = PBXFileReference; lastKnownFileType = folder.assetcatalog; path = Assets.xcassets; sourceTree = "<group>"; };
		C49B7B9523BE46F500B5593B /* Base */ = {isa = PBXFileReference; lastKnownFileType = file.storyboard; name = Base; path = Base.lproj/LaunchScreen.storyboard; sourceTree = "<group>"; };
		C49B7B9723BE46F500B5593B /* Info.plist */ = {isa = PBXFileReference; lastKnownFileType = text.plist.xml; path = Info.plist; sourceTree = "<group>"; };
		C49B7B9C23BE46F500B5593B /* RegisterMyTeamTests.xctest */ = {isa = PBXFileReference; explicitFileType = wrapper.cfbundle; includeInIndex = 0; path = RegisterMyTeamTests.xctest; sourceTree = BUILT_PRODUCTS_DIR; };
		C49B7BA023BE46F500B5593B /* RegisterMyTeamTests.swift */ = {isa = PBXFileReference; lastKnownFileType = sourcecode.swift; path = RegisterMyTeamTests.swift; sourceTree = "<group>"; };
		C49B7BA223BE46F500B5593B /* Info.plist */ = {isa = PBXFileReference; lastKnownFileType = text.plist.xml; path = Info.plist; sourceTree = "<group>"; };
		C49B7BAB23BE47AA00B5593B /* AppearanceHelper.swift */ = {isa = PBXFileReference; lastKnownFileType = sourcecode.swift; path = AppearanceHelper.swift; sourceTree = "<group>"; };
		C49B7BAE23BE5C9000B5593B /* SplashViewController.swift */ = {isa = PBXFileReference; lastKnownFileType = sourcecode.swift; path = SplashViewController.swift; sourceTree = "<group>"; };
		C6FA6DB88C5183C18EF92738 /* Pods_RegisterMyTeamTests.framework */ = {isa = PBXFileReference; explicitFileType = wrapper.framework; includeInIndex = 0; path = Pods_RegisterMyTeamTests.framework; sourceTree = BUILT_PRODUCTS_DIR; };
		CE290E1922951925C79E0267 /* Pods-RegisterMyTeam.release.xcconfig */ = {isa = PBXFileReference; includeInIndex = 1; lastKnownFileType = text.xcconfig; name = "Pods-RegisterMyTeam.release.xcconfig"; path = "Target Support Files/Pods-RegisterMyTeam/Pods-RegisterMyTeam.release.xcconfig"; sourceTree = "<group>"; };
/* End PBXFileReference section */

/* Begin PBXFrameworksBuildPhase section */
		C49B7B8323BE46F300B5593B /* Frameworks */ = {
			isa = PBXFrameworksBuildPhase;
			buildActionMask = 2147483647;
			files = (
				1D0843694128B485B4F99592 /* Pods_RegisterMyTeam.framework in Frameworks */,
			);
			runOnlyForDeploymentPostprocessing = 0;
		};
		C49B7B9923BE46F500B5593B /* Frameworks */ = {
			isa = PBXFrameworksBuildPhase;
			buildActionMask = 2147483647;
			files = (
				156899FA5ED3459D47AAB9D1 /* Pods_RegisterMyTeamTests.framework in Frameworks */,
			);
			runOnlyForDeploymentPostprocessing = 0;
		};
/* End PBXFrameworksBuildPhase section */

/* Begin PBXGroup section */
		3C1895E7DFEAC06E58FC6F17 /* Frameworks */ = {
			isa = PBXGroup;
			children = (
				77120218D9A56B7F82B4DA90 /* Pods_RegisterMyTeam.framework */,
				C6FA6DB88C5183C18EF92738 /* Pods_RegisterMyTeamTests.framework */,
			);
			name = Frameworks;
			sourceTree = "<group>";
		};
		C49B7B7D23BE46F300B5593B = {
			isa = PBXGroup;
			children = (
				C49B7B8823BE46F300B5593B /* RegisterMyTeam */,
				C49B7B9F23BE46F500B5593B /* RegisterMyTeamTests */,
				C49B7B8723BE46F300B5593B /* Products */,
				E16CDA6BDF374E81A102F57A /* Pods */,
				3C1895E7DFEAC06E58FC6F17 /* Frameworks */,
			);
			sourceTree = "<group>";
		};
		C49B7B8723BE46F300B5593B /* Products */ = {
			isa = PBXGroup;
			children = (
				C49B7B8623BE46F300B5593B /* RegisterMyTeam.app */,
				C49B7B9C23BE46F500B5593B /* RegisterMyTeamTests.xctest */,
			);
			name = Products;
			sourceTree = "<group>";
		};
		C49B7B8823BE46F300B5593B /* RegisterMyTeam */ = {
			isa = PBXGroup;
			children = (
				C49B7B8923BE46F300B5593B /* AppDelegate.swift */,
				C49B7B8B23BE46F300B5593B /* SceneDelegate.swift */,
				C49B7B8F23BE46F300B5593B /* Main.storyboard */,
				C49B7BAB23BE47AA00B5593B /* AppearanceHelper.swift */,
				C49B7BAD23BE5C6900B5593B /* ViewControllers */,
				C49B7B9223BE46F500B5593B /* Assets.xcassets */,
				C49B7B9423BE46F500B5593B /* LaunchScreen.storyboard */,
				C49B7B9723BE46F500B5593B /* Info.plist */,
			);
			path = RegisterMyTeam;
			sourceTree = "<group>";
		};
		C49B7B9F23BE46F500B5593B /* RegisterMyTeamTests */ = {
			isa = PBXGroup;
			children = (
				C49B7BA023BE46F500B5593B /* RegisterMyTeamTests.swift */,
				C49B7BA223BE46F500B5593B /* Info.plist */,
			);
			path = RegisterMyTeamTests;
			sourceTree = "<group>";
		};
		C49B7BAD23BE5C6900B5593B /* ViewControllers */ = {
			isa = PBXGroup;
			children = (
				C49B7BAE23BE5C9000B5593B /* SplashViewController.swift */,
			);
			path = ViewControllers;
			sourceTree = "<group>";
		};
		E16CDA6BDF374E81A102F57A /* Pods */ = {
			isa = PBXGroup;
			children = (
				69F988B35D104911E4B8028C /* Pods-RegisterMyTeam.debug.xcconfig */,
				CE290E1922951925C79E0267 /* Pods-RegisterMyTeam.release.xcconfig */,
				0193B9C62A2049CA7AECD82C /* Pods-RegisterMyTeamTests.debug.xcconfig */,
				704934A3C928D4ED21AE3B14 /* Pods-RegisterMyTeamTests.release.xcconfig */,
			);
			path = Pods;
			sourceTree = "<group>";
		};
/* End PBXGroup section */

/* Begin PBXNativeTarget section */
		C49B7B8523BE46F300B5593B /* RegisterMyTeam */ = {
			isa = PBXNativeTarget;
			buildConfigurationList = C49B7BA523BE46F500B5593B /* Build configuration list for PBXNativeTarget "RegisterMyTeam" */;
			buildPhases = (
				CCD5E01F38FD527801E193A9 /* [CP] Check Pods Manifest.lock */,
				C49B7B8223BE46F300B5593B /* Sources */,
				C49B7B8323BE46F300B5593B /* Frameworks */,
				C49B7B8423BE46F300B5593B /* Resources */,
				DB986F8A723FC16B61E32E54 /* [CP] Embed Pods Frameworks */,
			);
			buildRules = (
			);
			dependencies = (
			);
			name = RegisterMyTeam;
			productName = RegisterMyTeam;
			productReference = C49B7B8623BE46F300B5593B /* RegisterMyTeam.app */;
			productType = "com.apple.product-type.application";
		};
		C49B7B9B23BE46F500B5593B /* RegisterMyTeamTests */ = {
			isa = PBXNativeTarget;
			buildConfigurationList = C49B7BA823BE46F500B5593B /* Build configuration list for PBXNativeTarget "RegisterMyTeamTests" */;
			buildPhases = (
				DC668D63A343F7A42CD867E4 /* [CP] Check Pods Manifest.lock */,
				C49B7B9823BE46F500B5593B /* Sources */,
				C49B7B9923BE46F500B5593B /* Frameworks */,
				C49B7B9A23BE46F500B5593B /* Resources */,
			);
			buildRules = (
			);
			dependencies = (
				C49B7B9E23BE46F500B5593B /* PBXTargetDependency */,
			);
			name = RegisterMyTeamTests;
			productName = RegisterMyTeamTests;
			productReference = C49B7B9C23BE46F500B5593B /* RegisterMyTeamTests.xctest */;
			productType = "com.apple.product-type.bundle.unit-test";
		};
/* End PBXNativeTarget section */

/* Begin PBXProject section */
		C49B7B7E23BE46F300B5593B /* Project object */ = {
			isa = PBXProject;
			attributes = {
				LastSwiftUpdateCheck = 1130;
				LastUpgradeCheck = 1130;
				ORGANIZATIONNAME = "Kobe McKee";
				TargetAttributes = {
					C49B7B8523BE46F300B5593B = {
						CreatedOnToolsVersion = 11.3;
					};
					C49B7B9B23BE46F500B5593B = {
						CreatedOnToolsVersion = 11.3;
						TestTargetID = C49B7B8523BE46F300B5593B;
					};
				};
			};
			buildConfigurationList = C49B7B8123BE46F300B5593B /* Build configuration list for PBXProject "RegisterMyTeam" */;
			compatibilityVersion = "Xcode 9.3";
			developmentRegion = en;
			hasScannedForEncodings = 0;
			knownRegions = (
				en,
				Base,
			);
			mainGroup = C49B7B7D23BE46F300B5593B;
			productRefGroup = C49B7B8723BE46F300B5593B /* Products */;
			projectDirPath = "";
			projectRoot = "";
			targets = (
				C49B7B8523BE46F300B5593B /* RegisterMyTeam */,
				C49B7B9B23BE46F500B5593B /* RegisterMyTeamTests */,
			);
		};
/* End PBXProject section */

/* Begin PBXResourcesBuildPhase section */
		C49B7B8423BE46F300B5593B /* Resources */ = {
			isa = PBXResourcesBuildPhase;
			buildActionMask = 2147483647;
			files = (
				C49B7B9623BE46F500B5593B /* LaunchScreen.storyboard in Resources */,
				C49B7B9323BE46F500B5593B /* Assets.xcassets in Resources */,
				C49B7B9123BE46F300B5593B /* Main.storyboard in Resources */,
			);
			runOnlyForDeploymentPostprocessing = 0;
		};
		C49B7B9A23BE46F500B5593B /* Resources */ = {
			isa = PBXResourcesBuildPhase;
			buildActionMask = 2147483647;
			files = (
			);
			runOnlyForDeploymentPostprocessing = 0;
		};
/* End PBXResourcesBuildPhase section */

/* Begin PBXShellScriptBuildPhase section */
		CCD5E01F38FD527801E193A9 /* [CP] Check Pods Manifest.lock */ = {
			isa = PBXShellScriptBuildPhase;
			buildActionMask = 2147483647;
			files = (
			);
			inputFileListPaths = (
			);
			inputPaths = (
				"${PODS_PODFILE_DIR_PATH}/Podfile.lock",
				"${PODS_ROOT}/Manifest.lock",
			);
			name = "[CP] Check Pods Manifest.lock";
			outputFileListPaths = (
			);
			outputPaths = (
				"$(DERIVED_FILE_DIR)/Pods-RegisterMyTeam-checkManifestLockResult.txt",
			);
			runOnlyForDeploymentPostprocessing = 0;
			shellPath = /bin/sh;
			shellScript = "diff \"${PODS_PODFILE_DIR_PATH}/Podfile.lock\" \"${PODS_ROOT}/Manifest.lock\" > /dev/null\nif [ $? != 0 ] ; then\n    # print error to STDERR\n    echo \"error: The sandbox is not in sync with the Podfile.lock. Run 'pod install' or update your CocoaPods installation.\" >&2\n    exit 1\nfi\n# This output is used by Xcode 'outputs' to avoid re-running this script phase.\necho \"SUCCESS\" > \"${SCRIPT_OUTPUT_FILE_0}\"\n";
			showEnvVarsInLog = 0;
		};
		DB986F8A723FC16B61E32E54 /* [CP] Embed Pods Frameworks */ = {
			isa = PBXShellScriptBuildPhase;
			buildActionMask = 2147483647;
			files = (
			);
			inputFileListPaths = (
				"${PODS_ROOT}/Target Support Files/Pods-RegisterMyTeam/Pods-RegisterMyTeam-frameworks-${CONFIGURATION}-input-files.xcfilelist",
			);
			name = "[CP] Embed Pods Frameworks";
			outputFileListPaths = (
				"${PODS_ROOT}/Target Support Files/Pods-RegisterMyTeam/Pods-RegisterMyTeam-frameworks-${CONFIGURATION}-output-files.xcfilelist",
			);
			runOnlyForDeploymentPostprocessing = 0;
			shellPath = /bin/sh;
			shellScript = "\"${PODS_ROOT}/Target Support Files/Pods-RegisterMyTeam/Pods-RegisterMyTeam-frameworks.sh\"\n";
			showEnvVarsInLog = 0;
		};
		DC668D63A343F7A42CD867E4 /* [CP] Check Pods Manifest.lock */ = {
			isa = PBXShellScriptBuildPhase;
			buildActionMask = 2147483647;
			files = (
			);
			inputFileListPaths = (
			);
			inputPaths = (
				"${PODS_PODFILE_DIR_PATH}/Podfile.lock",
				"${PODS_ROOT}/Manifest.lock",
			);
			name = "[CP] Check Pods Manifest.lock";
			outputFileListPaths = (
			);
			outputPaths = (
				"$(DERIVED_FILE_DIR)/Pods-RegisterMyTeamTests-checkManifestLockResult.txt",
			);
			runOnlyForDeploymentPostprocessing = 0;
			shellPath = /bin/sh;
			shellScript = "diff \"${PODS_PODFILE_DIR_PATH}/Podfile.lock\" \"${PODS_ROOT}/Manifest.lock\" > /dev/null\nif [ $? != 0 ] ; then\n    # print error to STDERR\n    echo \"error: The sandbox is not in sync with the Podfile.lock. Run 'pod install' or update your CocoaPods installation.\" >&2\n    exit 1\nfi\n# This output is used by Xcode 'outputs' to avoid re-running this script phase.\necho \"SUCCESS\" > \"${SCRIPT_OUTPUT_FILE_0}\"\n";
			showEnvVarsInLog = 0;
		};
/* End PBXShellScriptBuildPhase section */

/* Begin PBXSourcesBuildPhase section */
		C49B7B8223BE46F300B5593B /* Sources */ = {
			isa = PBXSourcesBuildPhase;
			buildActionMask = 2147483647;
			files = (
				C49B7BAC23BE47AA00B5593B /* AppearanceHelper.swift in Sources */,
				C49B7B8A23BE46F300B5593B /* AppDelegate.swift in Sources */,
				C49B7B8C23BE46F300B5593B /* SceneDelegate.swift in Sources */,
				C49B7BAF23BE5C9000B5593B /* SplashViewController.swift in Sources */,
			);
			runOnlyForDeploymentPostprocessing = 0;
		};
		C49B7B9823BE46F500B5593B /* Sources */ = {
			isa = PBXSourcesBuildPhase;
			buildActionMask = 2147483647;
			files = (
				C49B7BA123BE46F500B5593B /* RegisterMyTeamTests.swift in Sources */,
			);
			runOnlyForDeploymentPostprocessing = 0;
		};
/* End PBXSourcesBuildPhase section */

/* Begin PBXTargetDependency section */
		C49B7B9E23BE46F500B5593B /* PBXTargetDependency */ = {
			isa = PBXTargetDependency;
			target = C49B7B8523BE46F300B5593B /* RegisterMyTeam */;
			targetProxy = C49B7B9D23BE46F500B5593B /* PBXContainerItemProxy */;
		};
/* End PBXTargetDependency section */

/* Begin PBXVariantGroup section */
		C49B7B8F23BE46F300B5593B /* Main.storyboard */ = {
			isa = PBXVariantGroup;
			children = (
				C49B7B9023BE46F300B5593B /* Base */,
			);
			name = Main.storyboard;
			sourceTree = "<group>";
		};
		C49B7B9423BE46F500B5593B /* LaunchScreen.storyboard */ = {
			isa = PBXVariantGroup;
			children = (
				C49B7B9523BE46F500B5593B /* Base */,
			);
			name = LaunchScreen.storyboard;
			sourceTree = "<group>";
		};
/* End PBXVariantGroup section */

/* Begin XCBuildConfiguration section */
		C49B7BA323BE46F500B5593B /* Debug */ = {
			isa = XCBuildConfiguration;
			buildSettings = {
				ALWAYS_SEARCH_USER_PATHS = NO;
				CLANG_ANALYZER_NONNULL = YES;
				CLANG_ANALYZER_NUMBER_OBJECT_CONVERSION = YES_AGGRESSIVE;
				CLANG_CXX_LANGUAGE_STANDARD = "gnu++14";
				CLANG_CXX_LIBRARY = "libc++";
				CLANG_ENABLE_MODULES = YES;
				CLANG_ENABLE_OBJC_ARC = YES;
				CLANG_ENABLE_OBJC_WEAK = YES;
				CLANG_WARN_BLOCK_CAPTURE_AUTORELEASING = YES;
				CLANG_WARN_BOOL_CONVERSION = YES;
				CLANG_WARN_COMMA = YES;
				CLANG_WARN_CONSTANT_CONVERSION = YES;
				CLANG_WARN_DEPRECATED_OBJC_IMPLEMENTATIONS = YES;
				CLANG_WARN_DIRECT_OBJC_ISA_USAGE = YES_ERROR;
				CLANG_WARN_DOCUMENTATION_COMMENTS = YES;
				CLANG_WARN_EMPTY_BODY = YES;
				CLANG_WARN_ENUM_CONVERSION = YES;
				CLANG_WARN_INFINITE_RECURSION = YES;
				CLANG_WARN_INT_CONVERSION = YES;
				CLANG_WARN_NON_LITERAL_NULL_CONVERSION = YES;
				CLANG_WARN_OBJC_IMPLICIT_RETAIN_SELF = YES;
				CLANG_WARN_OBJC_LITERAL_CONVERSION = YES;
				CLANG_WARN_OBJC_ROOT_CLASS = YES_ERROR;
				CLANG_WARN_RANGE_LOOP_ANALYSIS = YES;
				CLANG_WARN_STRICT_PROTOTYPES = YES;
				CLANG_WARN_SUSPICIOUS_MOVE = YES;
				CLANG_WARN_UNGUARDED_AVAILABILITY = YES_AGGRESSIVE;
				CLANG_WARN_UNREACHABLE_CODE = YES;
				CLANG_WARN__DUPLICATE_METHOD_MATCH = YES;
				COPY_PHASE_STRIP = NO;
				DEBUG_INFORMATION_FORMAT = dwarf;
				ENABLE_STRICT_OBJC_MSGSEND = YES;
				ENABLE_TESTABILITY = YES;
				GCC_C_LANGUAGE_STANDARD = gnu11;
				GCC_DYNAMIC_NO_PIC = NO;
				GCC_NO_COMMON_BLOCKS = YES;
				GCC_OPTIMIZATION_LEVEL = 0;
				GCC_PREPROCESSOR_DEFINITIONS = (
					"DEBUG=1",
					"$(inherited)",
				);
				GCC_WARN_64_TO_32_BIT_CONVERSION = YES;
				GCC_WARN_ABOUT_RETURN_TYPE = YES_ERROR;
				GCC_WARN_UNDECLARED_SELECTOR = YES;
				GCC_WARN_UNINITIALIZED_AUTOS = YES_AGGRESSIVE;
				GCC_WARN_UNUSED_FUNCTION = YES;
				GCC_WARN_UNUSED_VARIABLE = YES;
				IPHONEOS_DEPLOYMENT_TARGET = 13.2;
				MTL_ENABLE_DEBUG_INFO = INCLUDE_SOURCE;
				MTL_FAST_MATH = YES;
				ONLY_ACTIVE_ARCH = YES;
				SDKROOT = iphoneos;
				SWIFT_ACTIVE_COMPILATION_CONDITIONS = DEBUG;
				SWIFT_OPTIMIZATION_LEVEL = "-Onone";
			};
			name = Debug;
		};
		C49B7BA423BE46F500B5593B /* Release */ = {
			isa = XCBuildConfiguration;
			buildSettings = {
				ALWAYS_SEARCH_USER_PATHS = NO;
				CLANG_ANALYZER_NONNULL = YES;
				CLANG_ANALYZER_NUMBER_OBJECT_CONVERSION = YES_AGGRESSIVE;
				CLANG_CXX_LANGUAGE_STANDARD = "gnu++14";
				CLANG_CXX_LIBRARY = "libc++";
				CLANG_ENABLE_MODULES = YES;
				CLANG_ENABLE_OBJC_ARC = YES;
				CLANG_ENABLE_OBJC_WEAK = YES;
				CLANG_WARN_BLOCK_CAPTURE_AUTORELEASING = YES;
				CLANG_WARN_BOOL_CONVERSION = YES;
				CLANG_WARN_COMMA = YES;
				CLANG_WARN_CONSTANT_CONVERSION = YES;
				CLANG_WARN_DEPRECATED_OBJC_IMPLEMENTATIONS = YES;
				CLANG_WARN_DIRECT_OBJC_ISA_USAGE = YES_ERROR;
				CLANG_WARN_DOCUMENTATION_COMMENTS = YES;
				CLANG_WARN_EMPTY_BODY = YES;
				CLANG_WARN_ENUM_CONVERSION = YES;
				CLANG_WARN_INFINITE_RECURSION = YES;
				CLANG_WARN_INT_CONVERSION = YES;
				CLANG_WARN_NON_LITERAL_NULL_CONVERSION = YES;
				CLANG_WARN_OBJC_IMPLICIT_RETAIN_SELF = YES;
				CLANG_WARN_OBJC_LITERAL_CONVERSION = YES;
				CLANG_WARN_OBJC_ROOT_CLASS = YES_ERROR;
				CLANG_WARN_RANGE_LOOP_ANALYSIS = YES;
				CLANG_WARN_STRICT_PROTOTYPES = YES;
				CLANG_WARN_SUSPICIOUS_MOVE = YES;
				CLANG_WARN_UNGUARDED_AVAILABILITY = YES_AGGRESSIVE;
				CLANG_WARN_UNREACHABLE_CODE = YES;
				CLANG_WARN__DUPLICATE_METHOD_MATCH = YES;
				COPY_PHASE_STRIP = NO;
				DEBUG_INFORMATION_FORMAT = "dwarf-with-dsym";
				ENABLE_NS_ASSERTIONS = NO;
				ENABLE_STRICT_OBJC_MSGSEND = YES;
				GCC_C_LANGUAGE_STANDARD = gnu11;
				GCC_NO_COMMON_BLOCKS = YES;
				GCC_WARN_64_TO_32_BIT_CONVERSION = YES;
				GCC_WARN_ABOUT_RETURN_TYPE = YES_ERROR;
				GCC_WARN_UNDECLARED_SELECTOR = YES;
				GCC_WARN_UNINITIALIZED_AUTOS = YES_AGGRESSIVE;
				GCC_WARN_UNUSED_FUNCTION = YES;
				GCC_WARN_UNUSED_VARIABLE = YES;
				IPHONEOS_DEPLOYMENT_TARGET = 13.2;
				MTL_ENABLE_DEBUG_INFO = NO;
				MTL_FAST_MATH = YES;
				SDKROOT = iphoneos;
				SWIFT_COMPILATION_MODE = wholemodule;
				SWIFT_OPTIMIZATION_LEVEL = "-O";
				VALIDATE_PRODUCT = YES;
			};
			name = Release;
		};
		C49B7BA623BE46F500B5593B /* Debug */ = {
			isa = XCBuildConfiguration;
			baseConfigurationReference = 69F988B35D104911E4B8028C /* Pods-RegisterMyTeam.debug.xcconfig */;
			buildSettings = {
				ASSETCATALOG_COMPILER_APPICON_NAME = AppIcon;
				CODE_SIGN_STYLE = Automatic;
				DEVELOPMENT_TEAM = K572L95MDD;
				INFOPLIST_FILE = RegisterMyTeam/Info.plist;
				LD_RUNPATH_SEARCH_PATHS = (
					"$(inherited)",
					"@executable_path/Frameworks",
				);
				PRODUCT_BUNDLE_IDENTIFIER = com.kobemckee.RegisterMyTeam;
				PRODUCT_NAME = "$(TARGET_NAME)";
				SWIFT_VERSION = 5.0;
				TARGETED_DEVICE_FAMILY = "1,2";
			};
			name = Debug;
		};
		C49B7BA723BE46F500B5593B /* Release */ = {
			isa = XCBuildConfiguration;
			baseConfigurationReference = CE290E1922951925C79E0267 /* Pods-RegisterMyTeam.release.xcconfig */;
			buildSettings = {
				ASSETCATALOG_COMPILER_APPICON_NAME = AppIcon;
				CODE_SIGN_STYLE = Automatic;
				DEVELOPMENT_TEAM = K572L95MDD;
				INFOPLIST_FILE = RegisterMyTeam/Info.plist;
				LD_RUNPATH_SEARCH_PATHS = (
					"$(inherited)",
					"@executable_path/Frameworks",
				);
				PRODUCT_BUNDLE_IDENTIFIER = com.kobemckee.RegisterMyTeam;
				PRODUCT_NAME = "$(TARGET_NAME)";
				SWIFT_VERSION = 5.0;
				TARGETED_DEVICE_FAMILY = "1,2";
			};
			name = Release;
		};
		C49B7BA923BE46F500B5593B /* Debug */ = {
			isa = XCBuildConfiguration;
			baseConfigurationReference = 0193B9C62A2049CA7AECD82C /* Pods-RegisterMyTeamTests.debug.xcconfig */;
			buildSettings = {
				ALWAYS_EMBED_SWIFT_STANDARD_LIBRARIES = YES;
				BUNDLE_LOADER = "$(TEST_HOST)";
				CODE_SIGN_STYLE = Automatic;
				DEVELOPMENT_TEAM = K572L95MDD;
				INFOPLIST_FILE = RegisterMyTeamTests/Info.plist;
				IPHONEOS_DEPLOYMENT_TARGET = 13.2;
				LD_RUNPATH_SEARCH_PATHS = (
					"$(inherited)",
					"@executable_path/Frameworks",
					"@loader_path/Frameworks",
				);
				PRODUCT_BUNDLE_IDENTIFIER = com.kobemckee.RegisterMyTeamTests;
				PRODUCT_NAME = "$(TARGET_NAME)";
				SWIFT_VERSION = 5.0;
				TARGETED_DEVICE_FAMILY = "1,2";
				TEST_HOST = "$(BUILT_PRODUCTS_DIR)/RegisterMyTeam.app/RegisterMyTeam";
			};
			name = Debug;
		};
		C49B7BAA23BE46F500B5593B /* Release */ = {
			isa = XCBuildConfiguration;
			baseConfigurationReference = 704934A3C928D4ED21AE3B14 /* Pods-RegisterMyTeamTests.release.xcconfig */;
			buildSettings = {
				ALWAYS_EMBED_SWIFT_STANDARD_LIBRARIES = YES;
				BUNDLE_LOADER = "$(TEST_HOST)";
				CODE_SIGN_STYLE = Automatic;
				DEVELOPMENT_TEAM = K572L95MDD;
				INFOPLIST_FILE = RegisterMyTeamTests/Info.plist;
				IPHONEOS_DEPLOYMENT_TARGET = 13.2;
				LD_RUNPATH_SEARCH_PATHS = (
					"$(inherited)",
					"@executable_path/Frameworks",
					"@loader_path/Frameworks",
				);
				PRODUCT_BUNDLE_IDENTIFIER = com.kobemckee.RegisterMyTeamTests;
				PRODUCT_NAME = "$(TARGET_NAME)";
				SWIFT_VERSION = 5.0;
				TARGETED_DEVICE_FAMILY = "1,2";
				TEST_HOST = "$(BUILT_PRODUCTS_DIR)/RegisterMyTeam.app/RegisterMyTeam";
			};
			name = Release;
		};
/* End XCBuildConfiguration section */

/* Begin XCConfigurationList section */
		C49B7B8123BE46F300B5593B /* Build configuration list for PBXProject "RegisterMyTeam" */ = {
			isa = XCConfigurationList;
			buildConfigurations = (
				C49B7BA323BE46F500B5593B /* Debug */,
				C49B7BA423BE46F500B5593B /* Release */,
			);
			defaultConfigurationIsVisible = 0;
			defaultConfigurationName = Release;
		};
		C49B7BA523BE46F500B5593B /* Build configuration list for PBXNativeTarget "RegisterMyTeam" */ = {
			isa = XCConfigurationList;
			buildConfigurations = (
				C49B7BA623BE46F500B5593B /* Debug */,
				C49B7BA723BE46F500B5593B /* Release */,
			);
			defaultConfigurationIsVisible = 0;
			defaultConfigurationName = Release;
		};
		C49B7BA823BE46F500B5593B /* Build configuration list for PBXNativeTarget "RegisterMyTeamTests" */ = {
			isa = XCConfigurationList;
			buildConfigurations = (
				C49B7BA923BE46F500B5593B /* Debug */,
				C49B7BAA23BE46F500B5593B /* Release */,
			);
			defaultConfigurationIsVisible = 0;
			defaultConfigurationName = Release;
		};
/* End XCConfigurationList section */
	};
	rootObject = C49B7B7E23BE46F300B5593B /* Project object */;
}
